
Microsoft Visual Studio Solution File, Format Version 12.00
# Visual Studio Version 17
VisualStudioVersion = 17.11.35312.102
MinimumVisualStudioVersion = 10.0.40219.1
Project("{FAE04EC0-301F-11D3-BF4B-00C04F79EFBC}") = "BookManagementProject", "BookManagementProject.csproj", "{4929836B-DD5F-4C9E-B5F3-A319105203DD}"
EndProject
Global
	GlobalSection(SolutionConfigurationPlatforms) = preSolution
		Debug|Any CPU = Debug|Any CPU
		Release|Any CPU = Release|Any CPU
	EndGlobalSection
	GlobalSection(ProjectConfigurationPlatforms) = postSolution
		{4929836B-DD5F-4C9E-B5F3-A319105203DD}.Debug|Any CPU.ActiveCfg = Debug|Any CPU
		{4929836B-DD5F-4C9E-B5F3-A319105203DD}.Debug|Any CPU.Build.0 = Debug|Any CPU
		{4929836B-DD5F-4C9E-B5F3-A319105203DD}.Release|Any CPU.ActiveCfg = Release|Any CPU
		{4929836B-DD5F-4C9E-B5F3-A319105203DD}.Release|Any CPU.Build.0 = Release|Any CPU
	EndGlobalSection
	GlobalSection(SolutionProperties) = preSolution
		HideSolutionNode = FALSE
	EndGlobalSection
	GlobalSection(ExtensibilityGlobals) = postSolution
		SolutionGuid = {2D80C734-5420-4302-8FE1-D3C04EC1D08B}
	EndGlobalSection
EndGlobal
